{
    "_readme": [
        "This file locks the dependencies of your project to a known state",
        "Read more about it at https://getcomposer.org/doc/01-basic-usage.md#installing-dependencies",
        "This file is @generated automatically"
    ],
    "content-hash": "2584b5da4810aae530ff55279eaf7600",
    "packages": [
        {
            "name": "bunny/bunny",
            "version": "v0.5.1",
            "source": {
                "type": "git",
                "url": "https://github.com/jakubkulhan/bunny.git",
                "reference": "e03224f076a21fa386b1da1b29381c3e0acab603"
            },
            "dist": {
                "type": "zip",
                "url": "https://api.github.com/repos/jakubkulhan/bunny/zipball/e03224f076a21fa386b1da1b29381c3e0acab603",
                "reference": "e03224f076a21fa386b1da1b29381c3e0acab603",
                "shasum": ""
            },
            "require": {
                "php": "^7.1 || ^8.0",
                "react/event-loop": "^1.0 || ^0.5 || ^0.4",
                "react/promise": "~2.2"
            },
            "require-dev": {
                "phpunit/phpunit": "^7.5 || ^8.5 || ^9.3"
            },
            "type": "library",
            "autoload": {
                "psr-4": {
                    "Bunny\\": "src/Bunny/"
                }
            },
            "notification-url": "https://packagist.org/downloads/",
            "license": [
                "MIT"
            ],
            "authors": [
                {
                    "name": "Jakub Kulhan",
                    "email": "jakub.kulhan@gmail.com"
                }
            ],
            "description": "Performant pure-PHP AMQP (RabbitMQ) sync/async (ReactPHP) library",
            "keywords": [
                "AMQP",
                "bunny",
                "exchange",
                "message",
                "messaging",
                "queue",
                "queueing",
                "rabbit",
                "rabbitmq",
                "react",
                "react-php",
                "reactphp"
            ],
            "support": {
                "issues": "https://github.com/jakubkulhan/bunny/issues",
                "source": "https://github.com/jakubkulhan/bunny/tree/v0.5.1"
            },
            "time": "2021-09-12T21:45:53+00:00"
        },
        {
            "name": "psr/log",
            "version": "1.1.4",
            "source": {
                "type": "git",
                "url": "https://github.com/php-fig/log.git",
                "reference": "d49695b909c3b7628b6289db5479a1c204601f11"
            },
            "dist": {
                "type": "zip",
                "url": "https://api.github.com/repos/php-fig/log/zipball/d49695b909c3b7628b6289db5479a1c204601f11",
                "reference": "d49695b909c3b7628b6289db5479a1c204601f11",
                "shasum": ""
            },
            "require": {
                "php": ">=5.3.0"
            },
            "type": "library",
            "extra": {
                "branch-alias": {
                    "dev-master": "1.1.x-dev"
                }
            },
            "autoload": {
                "psr-4": {
                    "Psr\\Log\\": "Psr/Log/"
                }
            },
            "notification-url": "https://packagist.org/downloads/",
            "license": [
                "MIT"
            ],
            "authors": [
                {
                    "name": "PHP-FIG",
                    "homepage": "https://www.php-fig.org/"
                }
            ],
            "description": "Common interface for logging libraries",
            "homepage": "https://github.com/php-fig/log",
            "keywords": [
                "log",
                "psr",
                "psr-3"
            ],
            "support": {
                "source": "https://github.com/php-fig/log/tree/1.1.4"
            },
            "time": "2021-05-03T11:20:27+00:00"
        },
        {
            "name": "react/event-loop",
            "version": "v1.3.0",
            "source": {
                "type": "git",
                "url": "https://github.com/reactphp/event-loop.git",
                "reference": "187fb56f46d424afb6ec4ad089269c72eec2e137"
            },
            "dist": {
                "type": "zip",
                "url": "https://api.github.com/repos/reactphp/event-loop/zipball/187fb56f46d424afb6ec4ad089269c72eec2e137",
                "reference": "187fb56f46d424afb6ec4ad089269c72eec2e137",
                "shasum": ""
            },
            "require": {
                "php": ">=5.3.0"
            },
            "require-dev": {
                "phpunit/phpunit": "^9.3 || ^5.7 || ^4.8.35"
            },
            "suggest": {
                "ext-event": "~1.0 for ExtEventLoop",
                "ext-pcntl": "For signal handling support when using the StreamSelectLoop",
                "ext-uv": "* for ExtUvLoop"
            },
            "type": "library",
            "autoload": {
                "psr-4": {
                    "React\\EventLoop\\": "src"
                }
            },
            "notification-url": "https://packagist.org/downloads/",
            "license": [
                "MIT"
            ],
            "authors": [
                {
                    "name": "Christian Lück",
                    "email": "christian@clue.engineering",
                    "homepage": "https://clue.engineering/"
                },
                {
                    "name": "Cees-Jan Kiewiet",
                    "email": "reactphp@ceesjankiewiet.nl",
                    "homepage": "https://wyrihaximus.net/"
                },
                {
                    "name": "Jan Sorgalla",
                    "email": "jsorgalla@gmail.com",
                    "homepage": "https://sorgalla.com/"
                },
                {
                    "name": "Chris Boden",
                    "email": "cboden@gmail.com",
                    "homepage": "https://cboden.dev/"
                }
            ],
            "description": "ReactPHP's core reactor event loop that libraries can use for evented I/O.",
            "keywords": [
                "asynchronous",
                "event-loop"
            ],
            "support": {
                "issues": "https://github.com/reactphp/event-loop/issues",
                "source": "https://github.com/reactphp/event-loop/tree/v1.3.0"
            },
            "funding": [
                {
                    "url": "https://github.com/WyriHaximus",
                    "type": "github"
                },
                {
                    "url": "https://github.com/clue",
                    "type": "github"
                }
            ],
            "time": "2022-03-17T11:10:22+00:00"
        },
        {
            "name": "react/promise",
            "version": "v2.9.0",
            "source": {
                "type": "git",
                "url": "https://github.com/reactphp/promise.git",
                "reference": "234f8fd1023c9158e2314fa9d7d0e6a83db42910"
            },
            "dist": {
                "type": "zip",
                "url": "https://api.github.com/repos/reactphp/promise/zipball/234f8fd1023c9158e2314fa9d7d0e6a83db42910",
                "reference": "234f8fd1023c9158e2314fa9d7d0e6a83db42910",
                "shasum": ""
            },
            "require": {
                "php": ">=5.4.0"
            },
            "require-dev": {
                "phpunit/phpunit": "^9.3 || ^5.7 || ^4.8.36"
            },
            "type": "library",
            "autoload": {
                "files": [
                    "src/functions_include.php"
                ],
                "psr-4": {
                    "React\\Promise\\": "src/"
                }
            },
            "notification-url": "https://packagist.org/downloads/",
            "license": [
                "MIT"
            ],
            "authors": [
                {
                    "name": "Jan Sorgalla",
                    "email": "jsorgalla@gmail.com",
                    "homepage": "https://sorgalla.com/"
                },
                {
                    "name": "Christian Lück",
                    "email": "christian@clue.engineering",
                    "homepage": "https://clue.engineering/"
                },
                {
                    "name": "Cees-Jan Kiewiet",
                    "email": "reactphp@ceesjankiewiet.nl",
                    "homepage": "https://wyrihaximus.net/"
                },
                {
                    "name": "Chris Boden",
                    "email": "cboden@gmail.com",
                    "homepage": "https://cboden.dev/"
                }
            ],
            "description": "A lightweight implementation of CommonJS Promises/A for PHP",
            "keywords": [
                "promise",
                "promises"
            ],
            "support": {
                "issues": "https://github.com/reactphp/promise/issues",
                "source": "https://github.com/reactphp/promise/tree/v2.9.0"
            },
            "funding": [
                {
                    "url": "https://github.com/WyriHaximus",
                    "type": "github"
                },
                {
                    "url": "https://github.com/clue",
                    "type": "github"
                }
            ],
            "time": "2022-02-11T10:27:51+00:00"
        },
        {
            "name": "workerman/rabbitmq",
            "version": "v1.0.6",
            "source": {
                "type": "git",
                "url": "https://github.com/walkor/rabbitmq.git",
                "reference": "0e9d4bed72853dded126b18a1950e115570612f7"
            },
            "dist": {
                "type": "zip",
                "url": "https://api.github.com/repos/walkor/rabbitmq/zipball/0e9d4bed72853dded126b18a1950e115570612f7",
                "reference": "0e9d4bed72853dded126b18a1950e115570612f7",
                "shasum": ""
            },
            "require": {
                "bunny/bunny": "^0.5",
                "psr/log": "^1.0 || ^2.0 || ^3.0",
                "workerman/workerman": ">=3.3.0"
            },
            "type": "library",
            "autoload": {
                "psr-4": {
                    "Workerman\\RabbitMQ\\": "src/"
                }
            },
            "notification-url": "https://packagist.org/downloads/",
            "license": [
                "MIT"
            ],
            "authors": [
                {
                    "name": "walkor",
                    "email": "walkor@workerman.net",
                    "homepage": "http://www.workerman.net",
                    "role": "Developer"
                }
            ],
            "description": "Asynchronous rabbitmq client for PHP based on workerman.",
            "homepage": "http://www.workerman.net",
            "keywords": [
                "AMQP",
                "rabbitmq client"
            ],
            "support": {
                "email": "walkor@workerman.net",
                "forum": "http://wenda.workerman.net/",
                "issues": "https://github.com/walkor/rabbitmq/issues",
                "source": "https://github.com/walkor/rabbitmq",
                "wiki": "http://doc.workerman.net/"
            },
            "time": "2022-10-02T08:49:44+00:00"
        },
        {
            "name": "workerman/workerman",
            "version": "v4.1.4",
            "source": {
                "type": "git",
                "url": "https://github.com/walkor/workerman.git",
                "reference": "83e007acf936e2233ac92d7368b87716f2bae338"
            },
            "dist": {
                "type": "zip",
                "url": "https://api.github.com/repos/walkor/workerman/zipball/83e007acf936e2233ac92d7368b87716f2bae338",
                "reference": "83e007acf936e2233ac92d7368b87716f2bae338",
                "shasum": ""
            },
            "require": {
                "php": ">=7.0"
            },
            "suggest": {
                "ext-event": "For better performance. "
            },
            "type": "library",
            "autoload": {
                "psr-4": {
                    "Workerman\\": "./"
                }
            },
            "notification-url": "https://packagist.org/downloads/",
            "license": [
                "MIT"
            ],
            "authors": [
                {
                    "name": "walkor",
                    "email": "walkor@workerman.net",
                    "homepage": "http://www.workerman.net",
                    "role": "Developer"
                }
            ],
            "description": "An asynchronous event driven PHP framework for easily building fast, scalable network applications.",
            "homepage": "http://www.workerman.net",
            "keywords": [
                "asynchronous",
                "event-loop"
            ],
            "support": {
                "email": "walkor@workerman.net",
                "forum": "http://wenda.workerman.net/",
                "issues": "https://github.com/walkor/workerman/issues",
                "source": "https://github.com/walkor/workerman",
                "wiki": "http://doc.workerman.net/"
            },
            "funding": [
                {
                    "url": "https://opencollective.com/workerman",
                    "type": "open_collective"
                },
                {
                    "url": "https://www.patreon.com/walkor",
                    "type": "patreon"
                }
            ],
            "time": "2022-10-09T11:33:14+00:00"
        }
    ],
    "packages-dev": [],
    "aliases": [],
    "minimum-stability": "stable",
    "stability-flags": [],
    "prefer-stable": false,
    "prefer-lowest": false,
    "platform": [],
    "platform-dev": [],
    "platform-overrides": {
        "php": "7.3"
    },
    "plugin-api-version": "2.3.0"
}
